// !$*UTF8*$!
{
	archiveVersion = 1;
	classes = {
	};
	objectVersion = 50;
	objects = {

/* Begin PBXBuildFile section */
		7306F55F270F95200002427B /* project1BackendTests.swift in Sources */ = {isa = PBXBuildFile; fileRef = 7306F55D270F91AF0002427B /* project1BackendTests.swift */; };
		7316FDCA26F3F90B009DD310 /* project1App.swift in Sources */ = {isa = PBXBuildFile; fileRef = 7316FDC926F3F90B009DD310 /* project1App.swift */; };
		7316FDCE26F3F90D009DD310 /* Assets.xcassets in Resources */ = {isa = PBXBuildFile; fileRef = 7316FDCD26F3F90D009DD310 /* Assets.xcassets */; };
		7316FDD126F3F90D009DD310 /* Preview Assets.xcassets in Resources */ = {isa = PBXBuildFile; fileRef = 7316FDD026F3F90D009DD310 /* Preview Assets.xcassets */; };
		7316FDDC26F3F90D009DD310 /* project1Tests.swift in Sources */ = {isa = PBXBuildFile; fileRef = 7316FDDB26F3F90D009DD310 /* project1Tests.swift */; };
		7316FDE726F3F90D009DD310 /* project1UITests.swift in Sources */ = {isa = PBXBuildFile; fileRef = 7316FDE626F3F90D009DD310 /* project1UITests.swift */; };
		7316FDF526F3F92D009DD310 /* .gitignore in Resources */ = {isa = PBXBuildFile; fileRef = 7316FDF426F3F92D009DD310 /* .gitignore */; };
		73580D9B272209A80069A45B /* BackendService.swift in Sources */ = {isa = PBXBuildFile; fileRef = 73A2453D26FD0C7600FE29D9 /* BackendService.swift */; };
		738F8747270FA6160095F73D /* ReviewBoardView.swift in Sources */ = {isa = PBXBuildFile; fileRef = 738F8746270FA6160095F73D /* ReviewBoardView.swift */; };
		738F8748270FA6160095F73D /* ReviewBoardView.swift in Sources */ = {isa = PBXBuildFile; fileRef = 738F8746270FA6160095F73D /* ReviewBoardView.swift */; };
		73A2453E26FD0C7600FE29D9 /* BackendService.swift in Sources */ = {isa = PBXBuildFile; fileRef = 73A2453D26FD0C7600FE29D9 /* BackendService.swift */; };
		73A2453F26FD0C7600FE29D9 /* BackendService.swift in Sources */ = {isa = PBXBuildFile; fileRef = 73A2453D26FD0C7600FE29D9 /* BackendService.swift */; };
		73AC21062747143F00E7BC55 /* ReviewWritingView.swift in Sources */ = {isa = PBXBuildFile; fileRef = 73AC21052747143F00E7BC55 /* ReviewWritingView.swift */; };
		73FD409727598043007AAFA8 /* settingsView.swift in Sources */ = {isa = PBXBuildFile; fileRef = 73FD409427598043007AAFA8 /* settingsView.swift */; };
		73FD409827598043007AAFA8 /* DashBoardView.swift in Sources */ = {isa = PBXBuildFile; fileRef = 73FD409527598043007AAFA8 /* DashBoardView.swift */; };
		73FD409927598043007AAFA8 /* friendsList.swift in Sources */ = {isa = PBXBuildFile; fileRef = 73FD409627598043007AAFA8 /* friendsList.swift */; };
/* End PBXBuildFile section */

/* Begin PBXContainerItemProxy section */
		7316FDD826F3F90D009DD310 /* PBXContainerItemProxy */ = {
			isa = PBXContainerItemProxy;
			containerPortal = 7316FDBE26F3F90B009DD310 /* Project object */;
			proxyType = 1;
			remoteGlobalIDString = 7316FDC526F3F90B009DD310;
			remoteInfo = project1;
		};
		7316FDE326F3F90D009DD310 /* PBXContainerItemProxy */ = {
			isa = PBXContainerItemProxy;
			containerPortal = 7316FDBE26F3F90B009DD310 /* Project object */;
			proxyType = 1;
			remoteGlobalIDString = 7316FDC526F3F90B009DD310;
			remoteInfo = project1;
		};
/* End PBXContainerItemProxy section */

/* Begin PBXFileReference section */
		7306F55D270F91AF0002427B /* project1BackendTests.swift */ = {isa = PBXFileReference; lastKnownFileType = sourcecode.swift; path = project1BackendTests.swift; sourceTree = "<group>"; };
		7316FDC626F3F90B009DD310 /* project1.app */ = {isa = PBXFileReference; explicitFileType = wrapper.application; includeInIndex = 0; path = project1.app; sourceTree = BUILT_PRODUCTS_DIR; };
		7316FDC926F3F90B009DD310 /* project1App.swift */ = {isa = PBXFileReference; lastKnownFileType = sourcecode.swift; path = project1App.swift; sourceTree = "<group>"; };
		7316FDCD26F3F90D009DD310 /* Assets.xcassets */ = {isa = PBXFileReference; lastKnownFileType = folder.assetcatalog; path = Assets.xcassets; sourceTree = "<group>"; };
		7316FDD026F3F90D009DD310 /* Preview Assets.xcassets */ = {isa = PBXFileReference; lastKnownFileType = folder.assetcatalog; path = "Preview Assets.xcassets"; sourceTree = "<group>"; };
		7316FDD226F3F90D009DD310 /* Info.plist */ = {isa = PBXFileReference; lastKnownFileType = text.plist.xml; path = Info.plist; sourceTree = "<group>"; };
		7316FDD726F3F90D009DD310 /* project1Tests.xctest */ = {isa = PBXFileReference; explicitFileType = wrapper.cfbundle; includeInIndex = 0; path = project1Tests.xctest; sourceTree = BUILT_PRODUCTS_DIR; };
		7316FDDB26F3F90D009DD310 /* project1Tests.swift */ = {isa = PBXFileReference; lastKnownFileType = sourcecode.swift; path = project1Tests.swift; sourceTree = "<group>"; };
		7316FDDD26F3F90D009DD310 /* Info.plist */ = {isa = PBXFileReference; lastKnownFileType = text.plist.xml; path = Info.plist; sourceTree = "<group>"; };
		7316FDE226F3F90D009DD310 /* project1UITests.xctest */ = {isa = PBXFileReference; explicitFileType = wrapper.cfbundle; includeInIndex = 0; path = project1UITests.xctest; sourceTree = BUILT_PRODUCTS_DIR; };
		7316FDE626F3F90D009DD310 /* project1UITests.swift */ = {isa = PBXFileReference; lastKnownFileType = sourcecode.swift; path = project1UITests.swift; sourceTree = "<group>"; };
		7316FDE826F3F90D009DD310 /* Info.plist */ = {isa = PBXFileReference; lastKnownFileType = text.plist.xml; path = Info.plist; sourceTree = "<group>"; };
		7316FDF426F3F92D009DD310 /* .gitignore */ = {isa = PBXFileReference; lastKnownFileType = text; path = .gitignore; sourceTree = "<group>"; };
		738F8746270FA6160095F73D /* ReviewBoardView.swift */ = {isa = PBXFileReference; lastKnownFileType = sourcecode.swift; path = ReviewBoardView.swift; sourceTree = "<group>"; };
		73A2453D26FD0C7600FE29D9 /* BackendService.swift */ = {isa = PBXFileReference; lastKnownFileType = sourcecode.swift; path = BackendService.swift; sourceTree = "<group>"; };
		73AC21052747143F00E7BC55 /* ReviewWritingView.swift */ = {isa = PBXFileReference; lastKnownFileType = sourcecode.swift; path = ReviewWritingView.swift; sourceTree = "<group>"; };
		73FD409427598043007AAFA8 /* settingsView.swift */ = {isa = PBXFileReference; fileEncoding = 4; lastKnownFileType = sourcecode.swift; path = settingsView.swift; sourceTree = "<group>"; };
		73FD409527598043007AAFA8 /* DashBoardView.swift */ = {isa = PBXFileReference; fileEncoding = 4; lastKnownFileType = sourcecode.swift; path = DashBoardView.swift; sourceTree = "<group>"; };
		73FD409627598043007AAFA8 /* friendsList.swift */ = {isa = PBXFileReference; fileEncoding = 4; lastKnownFileType = sourcecode.swift; path = friendsList.swift; sourceTree = "<group>"; };
/* End PBXFileReference section */

/* Begin PBXFrameworksBuildPhase section */
		7316FDC326F3F90B009DD310 /* Frameworks */ = {
			isa = PBXFrameworksBuildPhase;
			buildActionMask = 2147483647;
			files = (
			);
			runOnlyForDeploymentPostprocessing = 0;
		};
		7316FDD426F3F90D009DD310 /* Frameworks */ = {
			isa = PBXFrameworksBuildPhase;
			buildActionMask = 2147483647;
			files = (
			);
			runOnlyForDeploymentPostprocessing = 0;
		};
		7316FDDF26F3F90D009DD310 /* Frameworks */ = {
			isa = PBXFrameworksBuildPhase;
			buildActionMask = 2147483647;
			files = (
			);
			runOnlyForDeploymentPostprocessing = 0;
		};
/* End PBXFrameworksBuildPhase section */

/* Begin PBXGroup section */
		7316FDBD26F3F90B009DD310 = {
			isa = PBXGroup;
			children = (
				7316FDF426F3F92D009DD310 /* .gitignore */,
				7316FDC826F3F90B009DD310 /* project1 */,
				7316FDDA26F3F90D009DD310 /* project1Tests */,
				7316FDE526F3F90D009DD310 /* project1UITests */,
				7316FDC726F3F90B009DD310 /* Products */,
			);
			sourceTree = "<group>";
		};
		7316FDC726F3F90B009DD310 /* Products */ = {
			isa = PBXGroup;
			children = (
				7316FDC626F3F90B009DD310 /* project1.app */,
				7316FDD726F3F90D009DD310 /* project1Tests.xctest */,
				7316FDE226F3F90D009DD310 /* project1UITests.xctest */,
			);
			name = Products;
			sourceTree = "<group>";
		};
		7316FDC826F3F90B009DD310 /* project1 */ = {
			isa = PBXGroup;
			children = (
				73FD409527598043007AAFA8 /* DashBoardView.swift */,
				73FD409627598043007AAFA8 /* friendsList.swift */,
				73FD409427598043007AAFA8 /* settingsView.swift */,
				7316FDC926F3F90B009DD310 /* project1App.swift */,
				7316FDCD26F3F90D009DD310 /* Assets.xcassets */,
				7316FDD226F3F90D009DD310 /* Info.plist */,
				7316FDCF26F3F90D009DD310 /* Preview Content */,
				73A2453D26FD0C7600FE29D9 /* BackendService.swift */,
				738F8746270FA6160095F73D /* ReviewBoardView.swift */,
				73AC21052747143F00E7BC55 /* ReviewWritingView.swift */,
			);
			path = project1;
			sourceTree = "<group>";
		};
		7316FDCF26F3F90D009DD310 /* Preview Content */ = {
			isa = PBXGroup;
			children = (
				7316FDD026F3F90D009DD310 /* Preview Assets.xcassets */,
			);
			path = "Preview Content";
			sourceTree = "<group>";
		};
		7316FDDA26F3F90D009DD310 /* project1Tests */ = {
			isa = PBXGroup;
			children = (
				7306F55D270F91AF0002427B /* project1BackendTests.swift */,
				7316FDDB26F3F90D009DD310 /* project1Tests.swift */,
				7316FDDD26F3F90D009DD310 /* Info.plist */,
			);
			path = project1Tests;
			sourceTree = "<group>";
		};
		7316FDE526F3F90D009DD310 /* project1UITests */ = {
			isa = PBXGroup;
			children = (
				7316FDE626F3F90D009DD310 /* project1UITests.swift */,
				7316FDE826F3F90D009DD310 /* Info.plist */,
			);
			path = project1UITests;
			sourceTree = "<group>";
		};
/* End PBXGroup section */

/* Begin PBXNativeTarget section */
		7316FDC526F3F90B009DD310 /* project1 */ = {
			isa = PBXNativeTarget;
			buildConfigurationList = 7316FDEB26F3F90D009DD310 /* Build configuration list for PBXNativeTarget "project1" */;
			buildPhases = (
				7316FDC226F3F90B009DD310 /* Sources */,
				7316FDC326F3F90B009DD310 /* Frameworks */,
				7316FDC426F3F90B009DD310 /* Resources */,
			);
			buildRules = (
			);
			dependencies = (
			);
			name = project1;
			productName = project1;
			productReference = 7316FDC626F3F90B009DD310 /* project1.app */;
			productType = "com.apple.product-type.application";
		};
		7316FDD626F3F90D009DD310 /* project1Tests */ = {
			isa = PBXNativeTarget;
			buildConfigurationList = 7316FDEE26F3F90D009DD310 /* Build configuration list for PBXNativeTarget "project1Tests" */;
			buildPhases = (
				7316FDD326F3F90D009DD310 /* Sources */,
				7316FDD426F3F90D009DD310 /* Frameworks */,
				7316FDD526F3F90D009DD310 /* Resources */,
			);
			buildRules = (
			);
			dependencies = (
				7316FDD926F3F90D009DD310 /* PBXTargetDependency */,
			);
			name = project1Tests;
			productName = project1Tests;
			productReference = 7316FDD726F3F90D009DD310 /* project1Tests.xctest */;
			productType = "com.apple.product-type.bundle.unit-test";
		};
		7316FDE126F3F90D009DD310 /* project1UITests */ = {
			isa = PBXNativeTarget;
			buildConfigurationList = 7316FDF126F3F90D009DD310 /* Build configuration list for PBXNativeTarget "project1UITests" */;
			buildPhases = (
				7316FDDE26F3F90D009DD310 /* Sources */,
				7316FDDF26F3F90D009DD310 /* Frameworks */,
				7316FDE026F3F90D009DD310 /* Resources */,
			);
			buildRules = (
			);
			dependencies = (
				7316FDE426F3F90D009DD310 /* PBXTargetDependency */,
			);
			name = project1UITests;
			productName = project1UITests;
			productReference = 7316FDE226F3F90D009DD310 /* project1UITests.xctest */;
			productType = "com.apple.product-type.bundle.ui-testing";
		};
/* End PBXNativeTarget section */

/* Begin PBXProject section */
		7316FDBE26F3F90B009DD310 /* Project object */ = {
			isa = PBXProject;
			attributes = {
				LastSwiftUpdateCheck = 1250;
				LastUpgradeCheck = 1250;
				TargetAttributes = {
					7316FDC526F3F90B009DD310 = {
						CreatedOnToolsVersion = 12.5.1;
					};
					7316FDD626F3F90D009DD310 = {
						CreatedOnToolsVersion = 12.5.1;
						TestTargetID = 7316FDC526F3F90B009DD310;
					};
					7316FDE126F3F90D009DD310 = {
						CreatedOnToolsVersion = 12.5.1;
						TestTargetID = 7316FDC526F3F90B009DD310;
					};
				};
			};
			buildConfigurationList = 7316FDC126F3F90B009DD310 /* Build configuration list for PBXProject "project1" */;
			compatibilityVersion = "Xcode 9.3";
			developmentRegion = en;
			hasScannedForEncodings = 0;
			knownRegions = (
				en,
				Base,
			);
			mainGroup = 7316FDBD26F3F90B009DD310;
			productRefGroup = 7316FDC726F3F90B009DD310 /* Products */;
			projectDirPath = "";
			projectRoot = "";
			targets = (
				7316FDC526F3F90B009DD310 /* project1 */,
				7316FDD626F3F90D009DD310 /* project1Tests */,
				7316FDE126F3F90D009DD310 /* project1UITests */,
			);
		};
/* End PBXProject section */

/* Begin PBXResourcesBuildPhase section */
		7316FDC426F3F90B009DD310 /* Resources */ = {
			isa = PBXResourcesBuildPhase;
			buildActionMask = 2147483647;
			files = (
				7316FDD126F3F90D009DD310 /* Preview Assets.xcassets in Resources */,
				7316FDF526F3F92D009DD310 /* .gitignore in Resources */,
				7316FDCE26F3F90D009DD310 /* Assets.xcassets in Resources */,
			);
			runOnlyForDeploymentPostprocessing = 0;
		};
		7316FDD526F3F90D009DD310 /* Resources */ = {
			isa = PBXResourcesBuildPhase;
			buildActionMask = 2147483647;
			files = (
			);
			runOnlyForDeploymentPostprocessing = 0;
		};
		7316FDE026F3F90D009DD310 /* Resources */ = {
			isa = PBXResourcesBuildPhase;
			buildActionMask = 2147483647;
			files = (
			);
			runOnlyForDeploymentPostprocessing = 0;
		};
/* End PBXResourcesBuildPhase section */

/* Begin PBXSourcesBuildPhase section */
		7316FDC226F3F90B009DD310 /* Sources */ = {
			isa = PBXSourcesBuildPhase;
			buildActionMask = 2147483647;
			files = (
				73AC21062747143F00E7BC55 /* ReviewWritingView.swift in Sources */,
				738F8747270FA6160095F73D /* ReviewBoardView.swift in Sources */,
				73FD409927598043007AAFA8 /* friendsList.swift in Sources */,
				73FD409827598043007AAFA8 /* DashBoardView.swift in Sources */,
				73FD409727598043007AAFA8 /* settingsView.swift in Sources */,
				73A2453E26FD0C7600FE29D9 /* BackendService.swift in Sources */,
				7316FDCA26F3F90B009DD310 /* project1App.swift in Sources */,
			);
			runOnlyForDeploymentPostprocessing = 0;
		};
		7316FDD326F3F90D009DD310 /* Sources */ = {
			isa = PBXSourcesBuildPhase;
			buildActionMask = 2147483647;
			files = (
				7306F55F270F95200002427B /* project1BackendTests.swift in Sources */,
				73A2453F26FD0C7600FE29D9 /* BackendService.swift in Sources */,
				7316FDDC26F3F90D009DD310 /* project1Tests.swift in Sources */,
			);
			runOnlyForDeploymentPostprocessing = 0;
		};
		7316FDDE26F3F90D009DD310 /* Sources */ = {
			isa = PBXSourcesBuildPhase;
			buildActionMask = 2147483647;
			files = (
				7316FDE726F3F90D009DD310 /* project1UITests.swift in Sources */,
				73580D9B272209A80069A45B /* BackendService.swift in Sources */,
				738F8748270FA6160095F73D /* ReviewBoardView.swift in Sources */,
			);
			runOnlyForDeploymentPostprocessing = 0;
		};
/* End PBXSourcesBuildPhase section */

/* Begin PBXTargetDependency section */
		7316FDD926F3F90D009DD310 /* PBXTargetDependency */ = {
			isa = PBXTargetDependency;
			target = 7316FDC526F3F90B009DD310 /* project1 */;
			targetProxy = 7316FDD826F3F90D009DD310 /* PBXContainerItemProxy */;
		};
		7316FDE426F3F90D009DD310 /* PBXTargetDependency */ = {
			isa = PBXTargetDependency;
			target = 7316FDC526F3F90B009DD310 /* project1 */;
			targetProxy = 7316FDE326F3F90D009DD310 /* PBXContainerItemProxy */;
		};
/* End PBXTargetDependency section */

/* Begin XCBuildConfiguration section */
		7316FDE926F3F90D009DD310 /* Debug */ = {
			isa = XCBuildConfiguration;
			buildSettings = {
				ALWAYS_SEARCH_USER_PATHS = NO;
				CLANG_ANALYZER_NONNULL = YES;
				CLANG_ANALYZER_NUMBER_OBJECT_CONVERSION = YES_AGGRESSIVE;
				CLANG_CXX_LANGUAGE_STANDARD = "gnu++14";
				CLANG_CXX_LIBRARY = "libc++";
				CLANG_ENABLE_MODULES = YES;
				CLANG_ENABLE_OBJC_ARC = YES;
				CLANG_ENABLE_OBJC_WEAK = YES;
				CLANG_WARN_BLOCK_CAPTURE_AUTORELEASING = YES;
				CLANG_WARN_BOOL_CONVERSION = YES;
				CLANG_WARN_COMMA = YES;
				CLANG_WARN_CONSTANT_CONVERSION = YES;
				CLANG_WARN_DEPRECATED_OBJC_IMPLEMENTATIONS = YES;
				CLANG_WARN_DIRECT_OBJC_ISA_USAGE = YES_ERROR;
				CLANG_WARN_DOCUMENTATION_COMMENTS = YES;
				CLANG_WARN_EMPTY_BODY = YES;
				CLANG_WARN_ENUM_CONVERSION = YES;
				CLANG_WARN_INFINITE_RECURSION = YES;
				CLANG_WARN_INT_CONVERSION = YES;
				CLANG_WARN_NON_LITERAL_NULL_CONVERSION = YES;
				CLANG_WARN_OBJC_IMPLICIT_RETAIN_SELF = YES;
				CLANG_WARN_OBJC_LITERAL_CONVERSION = YES;
				CLANG_WARN_OBJC_ROOT_CLASS = YES_ERROR;
				CLANG_WARN_QUOTED_INCLUDE_IN_FRAMEWORK_HEADER = YES;
				CLANG_WARN_RANGE_LOOP_ANALYSIS = YES;
				CLANG_WARN_STRICT_PROTOTYPES = YES;
				CLANG_WARN_SUSPICIOUS_MOVE = YES;
				CLANG_WARN_UNGUARDED_AVAILABILITY = YES_AGGRESSIVE;
				CLANG_WARN_UNREACHABLE_CODE = YES;
				CLANG_WARN__DUPLICATE_METHOD_MATCH = YES;
				COPY_PHASE_STRIP = NO;
				DEBUG_INFORMATION_FORMAT = dwarf;
				ENABLE_STRICT_OBJC_MSGSEND = YES;
				ENABLE_TESTABILITY = YES;
				GCC_C_LANGUAGE_STANDARD = gnu11;
				GCC_DYNAMIC_NO_PIC = NO;
				GCC_NO_COMMON_BLOCKS = YES;
				GCC_OPTIMIZATION_LEVEL = 0;
				GCC_PREPROCESSOR_DEFINITIONS = (
					"DEBUG=1",
					"$(inherited)",
				);
				GCC_WARN_64_TO_32_BIT_CONVERSION = YES;
				GCC_WARN_ABOUT_RETURN_TYPE = YES_ERROR;
				GCC_WARN_UNDECLARED_SELECTOR = YES;
				GCC_WARN_UNINITIALIZED_AUTOS = YES_AGGRESSIVE;
				GCC_WARN_UNUSED_FUNCTION = YES;
				GCC_WARN_UNUSED_VARIABLE = YES;
				IPHONEOS_DEPLOYMENT_TARGET = 14.5;
				MTL_ENABLE_DEBUG_INFO = INCLUDE_SOURCE;
				MTL_FAST_MATH = YES;
				ONLY_ACTIVE_ARCH = YES;
				SDKROOT = iphoneos;
				SWIFT_ACTIVE_COMPILATION_CONDITIONS = DEBUG;
				SWIFT_OPTIMIZATION_LEVEL = "-Onone";
			};
			name = Debug;
		};
		7316FDEA26F3F90D009DD310 /* Release */ = {
			isa = XCBuildConfiguration;
			buildSettings = {
				ALWAYS_SEARCH_USER_PATHS = NO;
				CLANG_ANALYZER_NONNULL = YES;
				CLANG_ANALYZER_NUMBER_OBJECT_CONVERSION = YES_AGGRESSIVE;
				CLANG_CXX_LANGUAGE_STANDARD = "gnu++14";
				CLANG_CXX_LIBRARY = "libc++";
				CLANG_ENABLE_MODULES = YES;
				CLANG_ENABLE_OBJC_ARC = YES;
				CLANG_ENABLE_OBJC_WEAK = YES;
				CLANG_WARN_BLOCK_CAPTURE_AUTORELEASING = YES;
				CLANG_WARN_BOOL_CONVERSION = YES;
				CLANG_WARN_COMMA = YES;
				CLANG_WARN_CONSTANT_CONVERSION = YES;
				CLANG_WARN_DEPRECATED_OBJC_IMPLEMENTATIONS = YES;
				CLANG_WARN_DIRECT_OBJC_ISA_USAGE = YES_ERROR;
				CLANG_WARN_DOCUMENTATION_COMMENTS = YES;
				CLANG_WARN_EMPTY_BODY = YES;
				CLANG_WARN_ENUM_CONVERSION = YES;
				CLANG_WARN_INFINITE_RECURSION = YES;
				CLANG_WARN_INT_CONVERSION = YES;
				CLANG_WARN_NON_LITERAL_NULL_CONVERSION = YES;
				CLANG_WARN_OBJC_IMPLICIT_RETAIN_SELF = YES;
				CLANG_WARN_OBJC_LITERAL_CONVERSION = YES;
				CLANG_WARN_OBJC_ROOT_CLASS = YES_ERROR;
				CLANG_WARN_QUOTED_INCLUDE_IN_FRAMEWORK_HEADER = YES;
				CLANG_WARN_RANGE_LOOP_ANALYSIS = YES;
				CLANG_WARN_STRICT_PROTOTYPES = YES;
				CLANG_WARN_SUSPICIOUS_MOVE = YES;
				CLANG_WARN_UNGUARDED_AVAILABILITY = YES_AGGRESSIVE;
				CLANG_WARN_UNREACHABLE_CODE = YES;
				CLANG_WARN__DUPLICATE_METHOD_MATCH = YES;
				COPY_PHASE_STRIP = NO;
				DEBUG_INFORMATION_FORMAT = "dwarf-with-dsym";
				ENABLE_NS_ASSERTIONS = NO;
				ENABLE_STRICT_OBJC_MSGSEND = YES;
				GCC_C_LANGUAGE_STANDARD = gnu11;
				GCC_NO_COMMON_BLOCKS = YES;
				GCC_WARN_64_TO_32_BIT_CONVERSION = YES;
				GCC_WARN_ABOUT_RETURN_TYPE = YES_ERROR;
				GCC_WARN_UNDECLARED_SELECTOR = YES;
				GCC_WARN_UNINITIALIZED_AUTOS = YES_AGGRESSIVE;
				GCC_WARN_UNUSED_FUNCTION = YES;
				GCC_WARN_UNUSED_VARIABLE = YES;
				IPHONEOS_DEPLOYMENT_TARGET = 14.5;
				MTL_ENABLE_DEBUG_INFO = NO;
				MTL_FAST_MATH = YES;
				SDKROOT = iphoneos;
				SWIFT_COMPILATION_MODE = wholemodule;
				SWIFT_OPTIMIZATION_LEVEL = "-O";
				VALIDATE_PRODUCT = YES;
			};
			name = Release;
		};
		7316FDEC26F3F90D009DD310 /* Debug */ = {
			isa = XCBuildConfiguration;
			buildSettings = {
				ASSETCATALOG_COMPILER_APPICON_NAME = AppIcon;
				ASSETCATALOG_COMPILER_GLOBAL_ACCENT_COLOR_NAME = AccentColor;
				CODE_SIGN_STYLE = Automatic;
				DEVELOPMENT_ASSET_PATHS = "\"project1/Preview Content\"";
				DEVELOPMENT_TEAM = N29GT8PCM7;
				ENABLE_PREVIEWS = YES;
				INFOPLIST_FILE = project1/Info.plist;
				IPHONEOS_DEPLOYMENT_TARGET = 14.0;
				LD_RUNPATH_SEARCH_PATHS = (
					"$(inherited)",
					"@executable_path/Frameworks",
				);
				PRODUCT_BUNDLE_IDENTIFIER = group2.project1;
				PRODUCT_NAME = "$(TARGET_NAME)";
				SWIFT_VERSION = 5.0;
				TARGETED_DEVICE_FAMILY = "1,2";
			};
			name = Debug;
		};
		7316FDED26F3F90D009DD310 /* Release */ = {
			isa = XCBuildConfiguration;
			buildSettings = {
				ASSETCATALOG_COMPILER_APPICON_NAME = AppIcon;
				ASSETCATALOG_COMPILER_GLOBAL_ACCENT_COLOR_NAME = AccentColor;
				CODE_SIGN_STYLE = Automatic;
				DEVELOPMENT_ASSET_PATHS = "\"project1/Preview Content\"";
				DEVELOPMENT_TEAM = N29GT8PCM7;
				ENABLE_PREVIEWS = YES;
				INFOPLIST_FILE = project1/Info.plist;
				IPHONEOS_DEPLOYMENT_TARGET = 14.0;
				LD_RUNPATH_SEARCH_PATHS = (
					"$(inherited)",
					"@executable_path/Frameworks",
				);
				PRODUCT_BUNDLE_IDENTIFIER = group2.project1;
				PRODUCT_NAME = "$(TARGET_NAME)";
				SWIFT_VERSION = 5.0;
				TARGETED_DEVICE_FAMILY = "1,2";
			};
			name = Release;
		};
		7316FDEF26F3F90D009DD310 /* Debug */ = {
			isa = XCBuildConfiguration;
			buildSettings = {
				ALWAYS_EMBED_SWIFT_STANDARD_LIBRARIES = YES;
				BUNDLE_LOADER = "$(TEST_HOST)";
				CODE_SIGN_STYLE = Automatic;
				DEVELOPMENT_TEAM = N29GT8PCM7;
				INFOPLIST_FILE = project1Tests/Info.plist;
				IPHONEOS_DEPLOYMENT_TARGET = 14.0;
				LD_RUNPATH_SEARCH_PATHS = (
					"$(inherited)",
					"@executable_path/Frameworks",
					"@loader_path/Frameworks",
				);
				PRODUCT_BUNDLE_IDENTIFIER = group2.project1Tests;
				PRODUCT_NAME = "$(TARGET_NAME)";
				SWIFT_VERSION = 5.0;
				TARGETED_DEVICE_FAMILY = "1,2";
				TEST_HOST = "$(BUILT_PRODUCTS_DIR)/project1.app/project1";
			};
			name = Debug;
		};
		7316FDF026F3F90D009DD310 /* Release */ = {
			isa = XCBuildConfiguration;
			buildSettings = {
				ALWAYS_EMBED_SWIFT_STANDARD_LIBRARIES = YES;
				BUNDLE_LOADER = "$(TEST_HOST)";
				CODE_SIGN_STYLE = Automatic;
				DEVELOPMENT_TEAM = N29GT8PCM7;
				INFOPLIST_FILE = project1Tests/Info.plist;
				IPHONEOS_DEPLOYMENT_TARGET = 14.0;
				LD_RUNPATH_SEARCH_PATHS = (
					"$(inherited)",
					"@executable_path/Frameworks",
					"@loader_path/Frameworks",
				);
				PRODUCT_BUNDLE_IDENTIFIER = group2.project1Tests;
				PRODUCT_NAME = "$(TARGET_NAME)";
				SWIFT_VERSION = 5.0;
				TARGETED_DEVICE_FAMILY = "1,2";
				TEST_HOST = "$(BUILT_PRODUCTS_DIR)/project1.app/project1";
			};
			name = Release;
		};
		7316FDF226F3F90D009DD310 /* Debug */ = {
			isa = XCBuildConfiguration;
			buildSettings = {
				ALWAYS_EMBED_SWIFT_STANDARD_LIBRARIES = YES;
				CODE_SIGN_STYLE = Automatic;
				DEVELOPMENT_TEAM = N29GT8PCM7;
				INFOPLIST_FILE = project1UITests/Info.plist;
				LD_RUNPATH_SEARCH_PATHS = (
					"$(inherited)",
					"@executable_path/Frameworks",
					"@loader_path/Frameworks",
				);
				PRODUCT_BUNDLE_IDENTIFIER = group2.project1UITests;
				PRODUCT_NAME = "$(TARGET_NAME)";
				SWIFT_VERSION = 5.0;
				TARGETED_DEVICE_FAMILY = "1,2";
				TEST_TARGET_NAME = project1;
			};
			name = Debug;
		};
		7316FDF326F3F90D009DD310 /* Release */ = {
			isa = XCBuildConfiguration;
			buildSettings = {
				ALWAYS_EMBED_SWIFT_STANDARD_LIBRARIES = YES;
				CODE_SIGN_STYLE = Automatic;
				DEVELOPMENT_TEAM = N29GT8PCM7;
				INFOPLIST_FILE = project1UITests/Info.plist;
				LD_RUNPATH_SEARCH_PATHS = (
					"$(inherited)",
					"@executable_path/Frameworks",
					"@loader_path/Frameworks",
				);
				PRODUCT_BUNDLE_IDENTIFIER = group2.project1UITests;
				PRODUCT_NAME = "$(TARGET_NAME)";
				SWIFT_VERSION = 5.0;
				TARGETED_DEVICE_FAMILY = "1,2";
				TEST_TARGET_NAME = project1;
			};
			name = Release;
		};
/* End XCBuildConfiguration section */

/* Begin XCConfigurationList section */
		7316FDC126F3F90B009DD310 /* Build configuration list for PBXProject "project1" */ = {
			isa = XCConfigurationList;
			buildConfigurations = (
				7316FDE926F3F90D009DD310 /* Debug */,
				7316FDEA26F3F90D009DD310 /* Release */,
			);
			defaultConfigurationIsVisible = 0;
			defaultConfigurationName = Release;
		};
		7316FDEB26F3F90D009DD310 /* Build configuration list for PBXNativeTarget "project1" */ = {
			isa = XCConfigurationList;
			buildConfigurations = (
				7316FDEC26F3F90D009DD310 /* Debug */,
				7316FDED26F3F90D009DD310 /* Release */,
			);
			defaultConfigurationIsVisible = 0;
			defaultConfigurationName = Release;
		};
		7316FDEE26F3F90D009DD310 /* Build configuration list for PBXNativeTarget "project1Tests" */ = {
			isa = XCConfigurationList;
			buildConfigurations = (
				7316FDEF26F3F90D009DD310 /* Debug */,
				7316FDF026F3F90D009DD310 /* Release */,
			);
			defaultConfigurationIsVisible = 0;
			defaultConfigurationName = Release;
		};
		7316FDF126F3F90D009DD310 /* Build configuration list for PBXNativeTarget "project1UITests" */ = {
			isa = XCConfigurationList;
			buildConfigurations = (
				7316FDF226F3F90D009DD310 /* Debug */,
				7316FDF326F3F90D009DD310 /* Release */,
			);
			defaultConfigurationIsVisible = 0;
			defaultConfigurationName = Release;
		};
/* End XCConfigurationList section */
	};
	rootObject = 7316FDBE26F3F90B009DD310 /* Project object */;
}
