// !$*UTF8*$!
{
	archiveVersion = 1;
	classes = {
	};
	objectVersion = 52;
	objects = {

/* Begin PBXBuildFile section */
		419460532998A0B300B2407B /* GoogleService-Info.plist in Resources */ = {isa = PBXBuildFile; fileRef = 419460522998A0B300B2407B /* GoogleService-Info.plist */; };
		419460562998A53B00B2407B /* FirebaseAnalytics in Frameworks */ = {isa = PBXBuildFile; productRef = 419460552998A53B00B2407B /* FirebaseAnalytics */; };
		419460582998A53B00B2407B /* FirebaseAuth in Frameworks */ = {isa = PBXBuildFile; productRef = 419460572998A53B00B2407B /* FirebaseAuth */; };
		4194605A2998A53B00B2407B /* FirebaseFirestore in Frameworks */ = {isa = PBXBuildFile; productRef = 419460592998A53B00B2407B /* FirebaseFirestore */; };
		4194605C2998A53B00B2407B /* FirebaseMessaging in Frameworks */ = {isa = PBXBuildFile; productRef = 4194605B2998A53B00B2407B /* FirebaseMessaging */; };
		4194605E2998A53B00B2407B /* FirebaseStorage in Frameworks */ = {isa = PBXBuildFile; productRef = 4194605D2998A53B00B2407B /* FirebaseStorage */; };
		419460612999B19800B2407B /* AuthViewModel.swift in Sources */ = {isa = PBXBuildFile; fileRef = 419460602999B19800B2407B /* AuthViewModel.swift */; };
		7316FDCA26F3F90B009DD310 /* MapFriendsApp.swift in Sources */ = {isa = PBXBuildFile; fileRef = 7316FDC926F3F90B009DD310 /* MapFriendsApp.swift */; };
		7316FDCE26F3F90D009DD310 /* Assets.xcassets in Resources */ = {isa = PBXBuildFile; fileRef = 7316FDCD26F3F90D009DD310 /* Assets.xcassets */; };
		7316FDD126F3F90D009DD310 /* Preview Assets.xcassets in Resources */ = {isa = PBXBuildFile; fileRef = 7316FDD026F3F90D009DD310 /* Preview Assets.xcassets */; };
		7316FDF526F3F92D009DD310 /* .gitignore in Resources */ = {isa = PBXBuildFile; fileRef = 7316FDF426F3F92D009DD310 /* .gitignore */; };
		73580D9B272209A80069A45B /* BackendService.swift in Sources */ = {isa = PBXBuildFile; fileRef = 73A2453D26FD0C7600FE29D9 /* BackendService.swift */; };
		7376C1C8276299AC00A7E32F /* firstTab.swift in Sources */ = {isa = PBXBuildFile; fileRef = 7376C1C7276299AC00A7E32F /* firstTab.swift */; };
		738F8747270FA6160095F73D /* ReviewBoardView.swift in Sources */ = {isa = PBXBuildFile; fileRef = 738F8746270FA6160095F73D /* ReviewBoardView.swift */; };
		738F8748270FA6160095F73D /* ReviewBoardView.swift in Sources */ = {isa = PBXBuildFile; fileRef = 738F8746270FA6160095F73D /* ReviewBoardView.swift */; };
		73A2453E26FD0C7600FE29D9 /* BackendService.swift in Sources */ = {isa = PBXBuildFile; fileRef = 73A2453D26FD0C7600FE29D9 /* BackendService.swift */; };
		73A2453F26FD0C7600FE29D9 /* BackendService.swift in Sources */ = {isa = PBXBuildFile; fileRef = 73A2453D26FD0C7600FE29D9 /* BackendService.swift */; };
		73AC21062747143F00E7BC55 /* ReviewWritingView.swift in Sources */ = {isa = PBXBuildFile; fileRef = 73AC21052747143F00E7BC55 /* ReviewWritingView.swift */; };
		73B02DEE275983FF0084B87A /* LoginView.swift in Sources */ = {isa = PBXBuildFile; fileRef = 73B02DEC275983FF0084B87A /* LoginView.swift */; };
		73B02DF1275984340084B87A /* ExistingGroups.swift in Sources */ = {isa = PBXBuildFile; fileRef = 73B02DEF275984340084B87A /* ExistingGroups.swift */; };
		73B02DF2275984340084B87A /* DataManager.swift in Sources */ = {isa = PBXBuildFile; fileRef = 73B02DF0275984340084B87A /* DataManager.swift */; };
		73B02DF42759843B0084B87A /* GroupDetails.swift in Sources */ = {isa = PBXBuildFile; fileRef = 73B02DF32759843B0084B87A /* GroupDetails.swift */; };
		73B02DF6275985160084B87A /* CreateGroup.swift in Sources */ = {isa = PBXBuildFile; fileRef = 73B02DF5275985160084B87A /* CreateGroup.swift */; };
		73FD409727598043007AAFA8 /* settingsView.swift in Sources */ = {isa = PBXBuildFile; fileRef = 73FD409427598043007AAFA8 /* settingsView.swift */; };
		73FD409827598043007AAFA8 /* DashBoardView.swift in Sources */ = {isa = PBXBuildFile; fileRef = 73FD409527598043007AAFA8 /* DashBoardView.swift */; };
		73FD409927598043007AAFA8 /* friendsList.swift in Sources */ = {isa = PBXBuildFile; fileRef = 73FD409627598043007AAFA8 /* friendsList.swift */; };
/* End PBXBuildFile section */

/* Begin PBXContainerItemProxy section */
		7316FDD826F3F90D009DD310 /* PBXContainerItemProxy */ = {
			isa = PBXContainerItemProxy;
			containerPortal = 7316FDBE26F3F90B009DD310 /* Project object */;
			proxyType = 1;
			remoteGlobalIDString = 7316FDC526F3F90B009DD310;
			remoteInfo = project1;
		};
		7316FDE326F3F90D009DD310 /* PBXContainerItemProxy */ = {
			isa = PBXContainerItemProxy;
			containerPortal = 7316FDBE26F3F90B009DD310 /* Project object */;
			proxyType = 1;
			remoteGlobalIDString = 7316FDC526F3F90B009DD310;
			remoteInfo = project1;
		};
/* End PBXContainerItemProxy section */

/* Begin PBXFileReference section */
		419460522998A0B300B2407B /* GoogleService-Info.plist */ = {isa = PBXFileReference; fileEncoding = 4; lastKnownFileType = text.plist.xml; path = "GoogleService-Info.plist"; sourceTree = "<group>"; };
		419460602999B19800B2407B /* AuthViewModel.swift */ = {isa = PBXFileReference; lastKnownFileType = sourcecode.swift; path = AuthViewModel.swift; sourceTree = "<group>"; };
		7316FDC626F3F90B009DD310 /* MapFriends.app */ = {isa = PBXFileReference; explicitFileType = wrapper.application; includeInIndex = 0; path = MapFriends.app; sourceTree = BUILT_PRODUCTS_DIR; };
		7316FDC926F3F90B009DD310 /* MapFriendsApp.swift */ = {isa = PBXFileReference; lastKnownFileType = sourcecode.swift; path = MapFriendsApp.swift; sourceTree = "<group>"; };
		7316FDCD26F3F90D009DD310 /* Assets.xcassets */ = {isa = PBXFileReference; lastKnownFileType = folder.assetcatalog; path = Assets.xcassets; sourceTree = "<group>"; };
		7316FDD026F3F90D009DD310 /* Preview Assets.xcassets */ = {isa = PBXFileReference; lastKnownFileType = folder.assetcatalog; path = "Preview Assets.xcassets"; sourceTree = "<group>"; };
		7316FDD226F3F90D009DD310 /* Info.plist */ = {isa = PBXFileReference; lastKnownFileType = text.plist.xml; path = Info.plist; sourceTree = "<group>"; };
		7316FDD726F3F90D009DD310 /* MapFriendsTests.xctest */ = {isa = PBXFileReference; explicitFileType = wrapper.cfbundle; includeInIndex = 0; path = MapFriendsTests.xctest; sourceTree = BUILT_PRODUCTS_DIR; };
		7316FDE226F3F90D009DD310 /* MapFriendsUITests.xctest */ = {isa = PBXFileReference; explicitFileType = wrapper.cfbundle; includeInIndex = 0; path = MapFriendsUITests.xctest; sourceTree = BUILT_PRODUCTS_DIR; };
		7316FDF426F3F92D009DD310 /* .gitignore */ = {isa = PBXFileReference; lastKnownFileType = text; path = .gitignore; sourceTree = "<group>"; };
		7376C1C7276299AC00A7E32F /* firstTab.swift */ = {isa = PBXFileReference; fileEncoding = 4; lastKnownFileType = sourcecode.swift; path = firstTab.swift; sourceTree = "<group>"; };
		738F8746270FA6160095F73D /* ReviewBoardView.swift */ = {isa = PBXFileReference; lastKnownFileType = sourcecode.swift; path = ReviewBoardView.swift; sourceTree = "<group>"; };
		73A2453D26FD0C7600FE29D9 /* BackendService.swift */ = {isa = PBXFileReference; lastKnownFileType = sourcecode.swift; path = BackendService.swift; sourceTree = "<group>"; };
		73AC21052747143F00E7BC55 /* ReviewWritingView.swift */ = {isa = PBXFileReference; lastKnownFileType = sourcecode.swift; path = ReviewWritingView.swift; sourceTree = "<group>"; };
		73B02DEC275983FF0084B87A /* LoginView.swift */ = {isa = PBXFileReference; fileEncoding = 4; lastKnownFileType = sourcecode.swift; path = LoginView.swift; sourceTree = "<group>"; };
		73B02DEF275984340084B87A /* ExistingGroups.swift */ = {isa = PBXFileReference; fileEncoding = 4; lastKnownFileType = sourcecode.swift; path = ExistingGroups.swift; sourceTree = "<group>"; };
		73B02DF0275984340084B87A /* DataManager.swift */ = {isa = PBXFileReference; fileEncoding = 4; lastKnownFileType = sourcecode.swift; path = DataManager.swift; sourceTree = "<group>"; };
		73B02DF32759843B0084B87A /* GroupDetails.swift */ = {isa = PBXFileReference; fileEncoding = 4; lastKnownFileType = sourcecode.swift; path = GroupDetails.swift; sourceTree = "<group>"; };
		73B02DF5275985160084B87A /* CreateGroup.swift */ = {isa = PBXFileReference; fileEncoding = 4; lastKnownFileType = sourcecode.swift; path = CreateGroup.swift; sourceTree = "<group>"; };
		73FD409427598043007AAFA8 /* settingsView.swift */ = {isa = PBXFileReference; fileEncoding = 4; lastKnownFileType = sourcecode.swift; path = settingsView.swift; sourceTree = "<group>"; };
		73FD409527598043007AAFA8 /* DashBoardView.swift */ = {isa = PBXFileReference; fileEncoding = 4; lastKnownFileType = sourcecode.swift; path = DashBoardView.swift; sourceTree = "<group>"; };
		73FD409627598043007AAFA8 /* friendsList.swift */ = {isa = PBXFileReference; fileEncoding = 4; lastKnownFileType = sourcecode.swift; path = friendsList.swift; sourceTree = "<group>"; };
/* End PBXFileReference section */

/* Begin PBXFrameworksBuildPhase section */
		7316FDC326F3F90B009DD310 /* Frameworks */ = {
			isa = PBXFrameworksBuildPhase;
			buildActionMask = 2147483647;
			files = (
				4194605C2998A53B00B2407B /* FirebaseMessaging in Frameworks */,
				419460562998A53B00B2407B /* FirebaseAnalytics in Frameworks */,
				419460582998A53B00B2407B /* FirebaseAuth in Frameworks */,
				4194605E2998A53B00B2407B /* FirebaseStorage in Frameworks */,
				4194605A2998A53B00B2407B /* FirebaseFirestore in Frameworks */,
			);
			runOnlyForDeploymentPostprocessing = 0;
		};
		7316FDD426F3F90D009DD310 /* Frameworks */ = {
			isa = PBXFrameworksBuildPhase;
			buildActionMask = 2147483647;
			files = (
			);
			runOnlyForDeploymentPostprocessing = 0;
		};
		7316FDDF26F3F90D009DD310 /* Frameworks */ = {
			isa = PBXFrameworksBuildPhase;
			buildActionMask = 2147483647;
			files = (
			);
			runOnlyForDeploymentPostprocessing = 0;
		};
/* End PBXFrameworksBuildPhase section */

/* Begin PBXGroup section */
		4194605F2999B17E00B2407B /* ViewModels */ = {
			isa = PBXGroup;
			children = (
				419460602999B19800B2407B /* AuthViewModel.swift */,
			);
			path = ViewModels;
			sourceTree = "<group>";
		};
		419460632999B41600B2407B /* Views */ = {
			isa = PBXGroup;
			children = (
				73B02DEC275983FF0084B87A /* LoginView.swift */,
				73FD409527598043007AAFA8 /* DashBoardView.swift */,
				7376C1C7276299AC00A7E32F /* firstTab.swift */,
				73FD409627598043007AAFA8 /* friendsList.swift */,
				73FD409427598043007AAFA8 /* settingsView.swift */,
				73B02DF5275985160084B87A /* CreateGroup.swift */,
				73B02DF0275984340084B87A /* DataManager.swift */,
				73B02DEF275984340084B87A /* ExistingGroups.swift */,
				73B02DF32759843B0084B87A /* GroupDetails.swift */,
			);
			path = Views;
			sourceTree = "<group>";
		};
		7316FDBD26F3F90B009DD310 = {
			isa = PBXGroup;
			children = (
				7316FDF426F3F92D009DD310 /* .gitignore */,
				7316FDC826F3F90B009DD310 /* MapFriends */,
				7316FDC726F3F90B009DD310 /* Products */,
			);
			sourceTree = "<group>";
		};
		7316FDC726F3F90B009DD310 /* Products */ = {
			isa = PBXGroup;
			children = (
				7316FDC626F3F90B009DD310 /* MapFriends.app */,
				7316FDD726F3F90D009DD310 /* MapFriendsTests.xctest */,
				7316FDE226F3F90D009DD310 /* MapFriendsUITests.xctest */,
			);
			name = Products;
			sourceTree = "<group>";
		};
		7316FDC826F3F90B009DD310 /* MapFriends */ = {
			isa = PBXGroup;
			children = (
				4194605F2999B17E00B2407B /* ViewModels */,
				419460632999B41600B2407B /* Views */,
				7316FDC926F3F90B009DD310 /* MapFriendsApp.swift */,
				7316FDCD26F3F90D009DD310 /* Assets.xcassets */,
				419460522998A0B300B2407B /* GoogleService-Info.plist */,
				7316FDD226F3F90D009DD310 /* Info.plist */,
				7316FDCF26F3F90D009DD310 /* Preview Content */,
				73A2453D26FD0C7600FE29D9 /* BackendService.swift */,
				738F8746270FA6160095F73D /* ReviewBoardView.swift */,
				73AC21052747143F00E7BC55 /* ReviewWritingView.swift */,
			);
			path = MapFriends;
			sourceTree = "<group>";
		};
		7316FDCF26F3F90D009DD310 /* Preview Content */ = {
			isa = PBXGroup;
			children = (
				7316FDD026F3F90D009DD310 /* Preview Assets.xcassets */,
			);
			path = "Preview Content";
			sourceTree = "<group>";
		};
/* End PBXGroup section */

/* Begin PBXNativeTarget section */
		7316FDC526F3F90B009DD310 /* MapFriends */ = {
			isa = PBXNativeTarget;
			buildConfigurationList = 7316FDEB26F3F90D009DD310 /* Build configuration list for PBXNativeTarget "MapFriends" */;
			buildPhases = (
				7316FDC226F3F90B009DD310 /* Sources */,
				7316FDC326F3F90B009DD310 /* Frameworks */,
				7316FDC426F3F90B009DD310 /* Resources */,
			);
			buildRules = (
			);
			dependencies = (
			);
			name = MapFriends;
			packageProductDependencies = (
				419460552998A53B00B2407B /* FirebaseAnalytics */,
				419460572998A53B00B2407B /* FirebaseAuth */,
				419460592998A53B00B2407B /* FirebaseFirestore */,
				4194605B2998A53B00B2407B /* FirebaseMessaging */,
				4194605D2998A53B00B2407B /* FirebaseStorage */,
			);
			productName = MapFriends;
			productReference = 7316FDC626F3F90B009DD310 /* MapFriends.app */;
			productType = "com.apple.product-type.application";
		};
		7316FDD626F3F90D009DD310 /* MapFriendsTests */ = {
			isa = PBXNativeTarget;
			buildConfigurationList = 7316FDEE26F3F90D009DD310 /* Build configuration list for PBXNativeTarget "MapFriendsTests" */;
			buildPhases = (
				7316FDD326F3F90D009DD310 /* Sources */,
				7316FDD426F3F90D009DD310 /* Frameworks */,
				7316FDD526F3F90D009DD310 /* Resources */,
			);
			buildRules = (
			);
			dependencies = (
				7316FDD926F3F90D009DD310 /* PBXTargetDependency */,
			);
			name = MapFriendsTests;
			productName = project1Tests;
			productReference = 7316FDD726F3F90D009DD310 /* MapFriendsTests.xctest */;
			productType = "com.apple.product-type.bundle.unit-test";
		};
		7316FDE126F3F90D009DD310 /* MapFriendsUITests */ = {
			isa = PBXNativeTarget;
			buildConfigurationList = 7316FDF126F3F90D009DD310 /* Build configuration list for PBXNativeTarget "MapFriendsUITests" */;
			buildPhases = (
				7316FDDE26F3F90D009DD310 /* Sources */,
				7316FDDF26F3F90D009DD310 /* Frameworks */,
				7316FDE026F3F90D009DD310 /* Resources */,
			);
			buildRules = (
			);
			dependencies = (
				7316FDE426F3F90D009DD310 /* PBXTargetDependency */,
			);
			name = MapFriendsUITests;
			productName = project1UITests;
			productReference = 7316FDE226F3F90D009DD310 /* MapFriendsUITests.xctest */;
			productType = "com.apple.product-type.bundle.ui-testing";
		};
/* End PBXNativeTarget section */

/* Begin PBXProject section */
		7316FDBE26F3F90B009DD310 /* Project object */ = {
			isa = PBXProject;
			attributes = {
				LastSwiftUpdateCheck = 1250;
				LastUpgradeCheck = 1250;
				TargetAttributes = {
					7316FDC526F3F90B009DD310 = {
						CreatedOnToolsVersion = 12.5.1;
					};
					7316FDD626F3F90D009DD310 = {
						CreatedOnToolsVersion = 12.5.1;
						TestTargetID = 7316FDC526F3F90B009DD310;
					};
					7316FDE126F3F90D009DD310 = {
						CreatedOnToolsVersion = 12.5.1;
						TestTargetID = 7316FDC526F3F90B009DD310;
					};
				};
			};
			buildConfigurationList = 7316FDC126F3F90B009DD310 /* Build configuration list for PBXProject "MapFriends" */;
			compatibilityVersion = "Xcode 9.3";
			developmentRegion = en;
			hasScannedForEncodings = 0;
			knownRegions = (
				en,
				Base,
			);
			mainGroup = 7316FDBD26F3F90B009DD310;
			packageReferences = (
				419460542998A53B00B2407B /* XCRemoteSwiftPackageReference "firebase-ios-sdk" */,
			);
			productRefGroup = 7316FDC726F3F90B009DD310 /* Products */;
			projectDirPath = "";
			projectRoot = "";
			targets = (
				7316FDC526F3F90B009DD310 /* MapFriends */,
				7316FDD626F3F90D009DD310 /* MapFriendsTests */,
				7316FDE126F3F90D009DD310 /* MapFriendsUITests */,
			);
		};
/* End PBXProject section */

/* Begin PBXResourcesBuildPhase section */
		7316FDC426F3F90B009DD310 /* Resources */ = {
			isa = PBXResourcesBuildPhase;
			buildActionMask = 2147483647;
			files = (
				7316FDD126F3F90D009DD310 /* Preview Assets.xcassets in Resources */,
				419460532998A0B300B2407B /* GoogleService-Info.plist in Resources */,
				7316FDF526F3F92D009DD310 /* .gitignore in Resources */,
				7316FDCE26F3F90D009DD310 /* Assets.xcassets in Resources */,
			);
			runOnlyForDeploymentPostprocessing = 0;
		};
		7316FDD526F3F90D009DD310 /* Resources */ = {
			isa = PBXResourcesBuildPhase;
			buildActionMask = 2147483647;
			files = (
			);
			runOnlyForDeploymentPostprocessing = 0;
		};
		7316FDE026F3F90D009DD310 /* Resources */ = {
			isa = PBXResourcesBuildPhase;
			buildActionMask = 2147483647;
			files = (
			);
			runOnlyForDeploymentPostprocessing = 0;
		};
/* End PBXResourcesBuildPhase section */

/* Begin PBXSourcesBuildPhase section */
		7316FDC226F3F90B009DD310 /* Sources */ = {
			isa = PBXSourcesBuildPhase;
			buildActionMask = 2147483647;
			files = (
				7376C1C8276299AC00A7E32F /* firstTab.swift in Sources */,
				73B02DF42759843B0084B87A /* GroupDetails.swift in Sources */,
				73AC21062747143F00E7BC55 /* ReviewWritingView.swift in Sources */,
				738F8747270FA6160095F73D /* ReviewBoardView.swift in Sources */,
				73B02DF6275985160084B87A /* CreateGroup.swift in Sources */,
				73B02DF1275984340084B87A /* ExistingGroups.swift in Sources */,
				73FD409927598043007AAFA8 /* friendsList.swift in Sources */,
				73B02DEE275983FF0084B87A /* LoginView.swift in Sources */,
				73FD409827598043007AAFA8 /* DashBoardView.swift in Sources */,
				73FD409727598043007AAFA8 /* settingsView.swift in Sources */,
				419460612999B19800B2407B /* AuthViewModel.swift in Sources */,
				73B02DF2275984340084B87A /* DataManager.swift in Sources */,
				73A2453E26FD0C7600FE29D9 /* BackendService.swift in Sources */,
				7316FDCA26F3F90B009DD310 /* MapFriendsApp.swift in Sources */,
			);
			runOnlyForDeploymentPostprocessing = 0;
		};
		7316FDD326F3F90D009DD310 /* Sources */ = {
			isa = PBXSourcesBuildPhase;
			buildActionMask = 2147483647;
			files = (
				73A2453F26FD0C7600FE29D9 /* BackendService.swift in Sources */,
			);
			runOnlyForDeploymentPostprocessing = 0;
		};
		7316FDDE26F3F90D009DD310 /* Sources */ = {
			isa = PBXSourcesBuildPhase;
			buildActionMask = 2147483647;
			files = (
				73580D9B272209A80069A45B /* BackendService.swift in Sources */,
				738F8748270FA6160095F73D /* ReviewBoardView.swift in Sources */,
			);
			runOnlyForDeploymentPostprocessing = 0;
		};
/* End PBXSourcesBuildPhase section */

/* Begin PBXTargetDependency section */
		7316FDD926F3F90D009DD310 /* PBXTargetDependency */ = {
			isa = PBXTargetDependency;
			target = 7316FDC526F3F90B009DD310 /* MapFriends */;
			targetProxy = 7316FDD826F3F90D009DD310 /* PBXContainerItemProxy */;
		};
		7316FDE426F3F90D009DD310 /* PBXTargetDependency */ = {
			isa = PBXTargetDependency;
			target = 7316FDC526F3F90B009DD310 /* MapFriends */;
			targetProxy = 7316FDE326F3F90D009DD310 /* PBXContainerItemProxy */;
		};
/* End PBXTargetDependency section */

/* Begin XCBuildConfiguration section */
		7316FDE926F3F90D009DD310 /* Debug */ = {
			isa = XCBuildConfiguration;
			buildSettings = {
				ALWAYS_SEARCH_USER_PATHS = NO;
				CLANG_ANALYZER_NONNULL = YES;
				CLANG_ANALYZER_NUMBER_OBJECT_CONVERSION = YES_AGGRESSIVE;
				CLANG_CXX_LANGUAGE_STANDARD = "gnu++14";
				CLANG_CXX_LIBRARY = "libc++";
				CLANG_ENABLE_MODULES = YES;
				CLANG_ENABLE_OBJC_ARC = YES;
				CLANG_ENABLE_OBJC_WEAK = YES;
				CLANG_WARN_BLOCK_CAPTURE_AUTORELEASING = YES;
				CLANG_WARN_BOOL_CONVERSION = YES;
				CLANG_WARN_COMMA = YES;
				CLANG_WARN_CONSTANT_CONVERSION = YES;
				CLANG_WARN_DEPRECATED_OBJC_IMPLEMENTATIONS = YES;
				CLANG_WARN_DIRECT_OBJC_ISA_USAGE = YES_ERROR;
				CLANG_WARN_DOCUMENTATION_COMMENTS = YES;
				CLANG_WARN_EMPTY_BODY = YES;
				CLANG_WARN_ENUM_CONVERSION = YES;
				CLANG_WARN_INFINITE_RECURSION = YES;
				CLANG_WARN_INT_CONVERSION = YES;
				CLANG_WARN_NON_LITERAL_NULL_CONVERSION = YES;
				CLANG_WARN_OBJC_IMPLICIT_RETAIN_SELF = YES;
				CLANG_WARN_OBJC_LITERAL_CONVERSION = YES;
				CLANG_WARN_OBJC_ROOT_CLASS = YES_ERROR;
				CLANG_WARN_QUOTED_INCLUDE_IN_FRAMEWORK_HEADER = YES;
				CLANG_WARN_RANGE_LOOP_ANALYSIS = YES;
				CLANG_WARN_STRICT_PROTOTYPES = YES;
				CLANG_WARN_SUSPICIOUS_MOVE = YES;
				CLANG_WARN_UNGUARDED_AVAILABILITY = YES_AGGRESSIVE;
				CLANG_WARN_UNREACHABLE_CODE = YES;
				CLANG_WARN__DUPLICATE_METHOD_MATCH = YES;
				COPY_PHASE_STRIP = NO;
				DEBUG_INFORMATION_FORMAT = dwarf;
				ENABLE_STRICT_OBJC_MSGSEND = YES;
				ENABLE_TESTABILITY = YES;
				GCC_C_LANGUAGE_STANDARD = gnu11;
				GCC_DYNAMIC_NO_PIC = NO;
				GCC_NO_COMMON_BLOCKS = YES;
				GCC_OPTIMIZATION_LEVEL = 0;
				GCC_PREPROCESSOR_DEFINITIONS = (
					"DEBUG=1",
					"$(inherited)",
				);
				GCC_WARN_64_TO_32_BIT_CONVERSION = YES;
				GCC_WARN_ABOUT_RETURN_TYPE = YES_ERROR;
				GCC_WARN_UNDECLARED_SELECTOR = YES;
				GCC_WARN_UNINITIALIZED_AUTOS = YES_AGGRESSIVE;
				GCC_WARN_UNUSED_FUNCTION = YES;
				GCC_WARN_UNUSED_VARIABLE = YES;
				IPHONEOS_DEPLOYMENT_TARGET = 14.5;
				MTL_ENABLE_DEBUG_INFO = INCLUDE_SOURCE;
				MTL_FAST_MATH = YES;
				ONLY_ACTIVE_ARCH = YES;
				SDKROOT = iphoneos;
				SWIFT_ACTIVE_COMPILATION_CONDITIONS = DEBUG;
				SWIFT_OPTIMIZATION_LEVEL = "-Onone";
			};
			name = Debug;
		};
		7316FDEA26F3F90D009DD310 /* Release */ = {
			isa = XCBuildConfiguration;
			buildSettings = {
				ALWAYS_SEARCH_USER_PATHS = NO;
				CLANG_ANALYZER_NONNULL = YES;
				CLANG_ANALYZER_NUMBER_OBJECT_CONVERSION = YES_AGGRESSIVE;
				CLANG_CXX_LANGUAGE_STANDARD = "gnu++14";
				CLANG_CXX_LIBRARY = "libc++";
				CLANG_ENABLE_MODULES = YES;
				CLANG_ENABLE_OBJC_ARC = YES;
				CLANG_ENABLE_OBJC_WEAK = YES;
				CLANG_WARN_BLOCK_CAPTURE_AUTORELEASING = YES;
				CLANG_WARN_BOOL_CONVERSION = YES;
				CLANG_WARN_COMMA = YES;
				CLANG_WARN_CONSTANT_CONVERSION = YES;
				CLANG_WARN_DEPRECATED_OBJC_IMPLEMENTATIONS = YES;
				CLANG_WARN_DIRECT_OBJC_ISA_USAGE = YES_ERROR;
				CLANG_WARN_DOCUMENTATION_COMMENTS = YES;
				CLANG_WARN_EMPTY_BODY = YES;
				CLANG_WARN_ENUM_CONVERSION = YES;
				CLANG_WARN_INFINITE_RECURSION = YES;
				CLANG_WARN_INT_CONVERSION = YES;
				CLANG_WARN_NON_LITERAL_NULL_CONVERSION = YES;
				CLANG_WARN_OBJC_IMPLICIT_RETAIN_SELF = YES;
				CLANG_WARN_OBJC_LITERAL_CONVERSION = YES;
				CLANG_WARN_OBJC_ROOT_CLASS = YES_ERROR;
				CLANG_WARN_QUOTED_INCLUDE_IN_FRAMEWORK_HEADER = YES;
				CLANG_WARN_RANGE_LOOP_ANALYSIS = YES;
				CLANG_WARN_STRICT_PROTOTYPES = YES;
				CLANG_WARN_SUSPICIOUS_MOVE = YES;
				CLANG_WARN_UNGUARDED_AVAILABILITY = YES_AGGRESSIVE;
				CLANG_WARN_UNREACHABLE_CODE = YES;
				CLANG_WARN__DUPLICATE_METHOD_MATCH = YES;
				COPY_PHASE_STRIP = NO;
				DEBUG_INFORMATION_FORMAT = "dwarf-with-dsym";
				ENABLE_NS_ASSERTIONS = NO;
				ENABLE_STRICT_OBJC_MSGSEND = YES;
				GCC_C_LANGUAGE_STANDARD = gnu11;
				GCC_NO_COMMON_BLOCKS = YES;
				GCC_WARN_64_TO_32_BIT_CONVERSION = YES;
				GCC_WARN_ABOUT_RETURN_TYPE = YES_ERROR;
				GCC_WARN_UNDECLARED_SELECTOR = YES;
				GCC_WARN_UNINITIALIZED_AUTOS = YES_AGGRESSIVE;
				GCC_WARN_UNUSED_FUNCTION = YES;
				GCC_WARN_UNUSED_VARIABLE = YES;
				IPHONEOS_DEPLOYMENT_TARGET = 14.5;
				MTL_ENABLE_DEBUG_INFO = NO;
				MTL_FAST_MATH = YES;
				SDKROOT = iphoneos;
				SWIFT_COMPILATION_MODE = wholemodule;
				SWIFT_OPTIMIZATION_LEVEL = "-O";
				VALIDATE_PRODUCT = YES;
			};
			name = Release;
		};
		7316FDEC26F3F90D009DD310 /* Debug */ = {
			isa = XCBuildConfiguration;
			buildSettings = {
				ASSETCATALOG_COMPILER_APPICON_NAME = AppIcon;
				ASSETCATALOG_COMPILER_GLOBAL_ACCENT_COLOR_NAME = AccentColor;
				CODE_SIGN_STYLE = Automatic;
				DEVELOPMENT_ASSET_PATHS = "\"MapFriends/Preview Content\"";
				DEVELOPMENT_TEAM = 5UFQ6S5239;
				ENABLE_PREVIEWS = YES;
				INFOPLIST_FILE = MapFriends/Info.plist;
				IPHONEOS_DEPLOYMENT_TARGET = 14.0;
				LD_RUNPATH_SEARCH_PATHS = (
					"$(inherited)",
					"@executable_path/Frameworks",
				);
				PRODUCT_BUNDLE_IDENTIFIER = MapFriends;
				PRODUCT_NAME = "$(TARGET_NAME)";
				SWIFT_VERSION = 5.0;
				TARGETED_DEVICE_FAMILY = "1,2";
			};
			name = Debug;
		};
		7316FDED26F3F90D009DD310 /* Release */ = {
			isa = XCBuildConfiguration;
			buildSettings = {
				ASSETCATALOG_COMPILER_APPICON_NAME = AppIcon;
				ASSETCATALOG_COMPILER_GLOBAL_ACCENT_COLOR_NAME = AccentColor;
				CODE_SIGN_STYLE = Automatic;
				DEVELOPMENT_ASSET_PATHS = "\"MapFriends/Preview Content\"";
				DEVELOPMENT_TEAM = 5UFQ6S5239;
				ENABLE_PREVIEWS = YES;
				INFOPLIST_FILE = MapFriends/Info.plist;
				IPHONEOS_DEPLOYMENT_TARGET = 14.0;
				LD_RUNPATH_SEARCH_PATHS = (
					"$(inherited)",
					"@executable_path/Frameworks",
				);
				PRODUCT_BUNDLE_IDENTIFIER = MapFriends;
				PRODUCT_NAME = "$(TARGET_NAME)";
				SWIFT_VERSION = 5.0;
				TARGETED_DEVICE_FAMILY = "1,2";
			};
			name = Release;
		};
		7316FDEF26F3F90D009DD310 /* Debug */ = {
			isa = XCBuildConfiguration;
			buildSettings = {
				ALWAYS_EMBED_SWIFT_STANDARD_LIBRARIES = YES;
				BUNDLE_LOADER = "$(TEST_HOST)";
				CODE_SIGN_STYLE = Automatic;
				DEVELOPMENT_TEAM = N29GT8PCM7;
				INFOPLIST_FILE = MapFriendsTests/Info.plist;
				IPHONEOS_DEPLOYMENT_TARGET = 14.0;
				LD_RUNPATH_SEARCH_PATHS = (
					"$(inherited)",
					"@executable_path/Frameworks",
					"@loader_path/Frameworks",
				);
				PRODUCT_BUNDLE_IDENTIFIER = group2.project1Tests;
				PRODUCT_NAME = "$(TARGET_NAME)";
				SWIFT_VERSION = 5.0;
				TARGETED_DEVICE_FAMILY = "1,2";
				TEST_HOST = "$(BUILT_PRODUCTS_DIR)/MapFriends.app/MapFriends";
			};
			name = Debug;
		};
		7316FDF026F3F90D009DD310 /* Release */ = {
			isa = XCBuildConfiguration;
			buildSettings = {
				ALWAYS_EMBED_SWIFT_STANDARD_LIBRARIES = YES;
				BUNDLE_LOADER = "$(TEST_HOST)";
				CODE_SIGN_STYLE = Automatic;
				DEVELOPMENT_TEAM = N29GT8PCM7;
				INFOPLIST_FILE = MapFriendsTests/Info.plist;
				IPHONEOS_DEPLOYMENT_TARGET = 14.0;
				LD_RUNPATH_SEARCH_PATHS = (
					"$(inherited)",
					"@executable_path/Frameworks",
					"@loader_path/Frameworks",
				);
				PRODUCT_BUNDLE_IDENTIFIER = group2.project1Tests;
				PRODUCT_NAME = "$(TARGET_NAME)";
				SWIFT_VERSION = 5.0;
				TARGETED_DEVICE_FAMILY = "1,2";
				TEST_HOST = "$(BUILT_PRODUCTS_DIR)/MapFriends.app/MapFriends";
			};
			name = Release;
		};
		7316FDF226F3F90D009DD310 /* Debug */ = {
			isa = XCBuildConfiguration;
			buildSettings = {
				ALWAYS_EMBED_SWIFT_STANDARD_LIBRARIES = YES;
				CODE_SIGN_STYLE = Automatic;
				DEVELOPMENT_TEAM = N29GT8PCM7;
				INFOPLIST_FILE = MapFriendsUITests/Info.plist;
				LD_RUNPATH_SEARCH_PATHS = (
					"$(inherited)",
					"@executable_path/Frameworks",
					"@loader_path/Frameworks",
				);
				PRODUCT_BUNDLE_IDENTIFIER = group2.project1UITests;
				PRODUCT_NAME = "$(TARGET_NAME)";
				SWIFT_VERSION = 5.0;
				TARGETED_DEVICE_FAMILY = "1,2";
				TEST_TARGET_NAME = project1;
			};
			name = Debug;
		};
		7316FDF326F3F90D009DD310 /* Release */ = {
			isa = XCBuildConfiguration;
			buildSettings = {
				ALWAYS_EMBED_SWIFT_STANDARD_LIBRARIES = YES;
				CODE_SIGN_STYLE = Automatic;
				DEVELOPMENT_TEAM = N29GT8PCM7;
				INFOPLIST_FILE = MapFriendsUITests/Info.plist;
				LD_RUNPATH_SEARCH_PATHS = (
					"$(inherited)",
					"@executable_path/Frameworks",
					"@loader_path/Frameworks",
				);
				PRODUCT_BUNDLE_IDENTIFIER = group2.project1UITests;
				PRODUCT_NAME = "$(TARGET_NAME)";
				SWIFT_VERSION = 5.0;
				TARGETED_DEVICE_FAMILY = "1,2";
				TEST_TARGET_NAME = project1;
			};
			name = Release;
		};
/* End XCBuildConfiguration section */

/* Begin XCConfigurationList section */
		7316FDC126F3F90B009DD310 /* Build configuration list for PBXProject "MapFriends" */ = {
			isa = XCConfigurationList;
			buildConfigurations = (
				7316FDE926F3F90D009DD310 /* Debug */,
				7316FDEA26F3F90D009DD310 /* Release */,
			);
			defaultConfigurationIsVisible = 0;
			defaultConfigurationName = Release;
		};
		7316FDEB26F3F90D009DD310 /* Build configuration list for PBXNativeTarget "MapFriends" */ = {
			isa = XCConfigurationList;
			buildConfigurations = (
				7316FDEC26F3F90D009DD310 /* Debug */,
				7316FDED26F3F90D009DD310 /* Release */,
			);
			defaultConfigurationIsVisible = 0;
			defaultConfigurationName = Release;
		};
		7316FDEE26F3F90D009DD310 /* Build configuration list for PBXNativeTarget "MapFriendsTests" */ = {
			isa = XCConfigurationList;
			buildConfigurations = (
				7316FDEF26F3F90D009DD310 /* Debug */,
				7316FDF026F3F90D009DD310 /* Release */,
			);
			defaultConfigurationIsVisible = 0;
			defaultConfigurationName = Release;
		};
		7316FDF126F3F90D009DD310 /* Build configuration list for PBXNativeTarget "MapFriendsUITests" */ = {
			isa = XCConfigurationList;
			buildConfigurations = (
				7316FDF226F3F90D009DD310 /* Debug */,
				7316FDF326F3F90D009DD310 /* Release */,
			);
			defaultConfigurationIsVisible = 0;
			defaultConfigurationName = Release;
		};
/* End XCConfigurationList section */

/* Begin XCRemoteSwiftPackageReference section */
		419460542998A53B00B2407B /* XCRemoteSwiftPackageReference "firebase-ios-sdk" */ = {
			isa = XCRemoteSwiftPackageReference;
			repositoryURL = "https://github.com/firebase/firebase-ios-sdk";
			requirement = {
				kind = exactVersion;
				version = 10.5.0;
			};
		};
/* End XCRemoteSwiftPackageReference section */

/* Begin XCSwiftPackageProductDependency section */
		419460552998A53B00B2407B /* FirebaseAnalytics */ = {
			isa = XCSwiftPackageProductDependency;
			package = 419460542998A53B00B2407B /* XCRemoteSwiftPackageReference "firebase-ios-sdk" */;
			productName = FirebaseAnalytics;
		};
		419460572998A53B00B2407B /* FirebaseAuth */ = {
			isa = XCSwiftPackageProductDependency;
			package = 419460542998A53B00B2407B /* XCRemoteSwiftPackageReference "firebase-ios-sdk" */;
			productName = FirebaseAuth;
		};
		419460592998A53B00B2407B /* FirebaseFirestore */ = {
			isa = XCSwiftPackageProductDependency;
			package = 419460542998A53B00B2407B /* XCRemoteSwiftPackageReference "firebase-ios-sdk" */;
			productName = FirebaseFirestore;
		};
		4194605B2998A53B00B2407B /* FirebaseMessaging */ = {
			isa = XCSwiftPackageProductDependency;
			package = 419460542998A53B00B2407B /* XCRemoteSwiftPackageReference "firebase-ios-sdk" */;
			productName = FirebaseMessaging;
		};
		4194605D2998A53B00B2407B /* FirebaseStorage */ = {
			isa = XCSwiftPackageProductDependency;
			package = 419460542998A53B00B2407B /* XCRemoteSwiftPackageReference "firebase-ios-sdk" */;
			productName = FirebaseStorage;
		};
/* End XCSwiftPackageProductDependency section */
	};
	rootObject = 7316FDBE26F3F90B009DD310 /* Project object */;
}
